// !$*UTF8*$!
{
	archiveVersion = 1;
	classes = {
	};
	objectVersion = 50;
	objects = {

/* Begin PBXBuildFile section */
		5584D69F2193FF7B005150EC /* AppDelegate.swift in Sources */ = {isa = PBXBuildFile; fileRef = 5584D69E2193FF7B005150EC /* AppDelegate.swift */; };
		5584D6A12193FF7B005150EC /* MainVC.swift in Sources */ = {isa = PBXBuildFile; fileRef = 5584D6A02193FF7B005150EC /* MainVC.swift */; };
		5584D6A42193FF7B005150EC /* Main.storyboard in Resources */ = {isa = PBXBuildFile; fileRef = 5584D6A22193FF7B005150EC /* Main.storyboard */; };
		5584D6A62193FF7C005150EC /* Assets.xcassets in Resources */ = {isa = PBXBuildFile; fileRef = 5584D6A52193FF7C005150EC /* Assets.xcassets */; };
		5584D6A92193FF7C005150EC /* LaunchScreen.storyboard in Resources */ = {isa = PBXBuildFile; fileRef = 5584D6A72193FF7C005150EC /* LaunchScreen.storyboard */; };
		5584D6B12194009B005150EC /* Constants.swift in Sources */ = {isa = PBXBuildFile; fileRef = 5584D6B02194009B005150EC /* Constants.swift */; };
		5584D6B5219401DD005150EC /* WordListener.swift in Sources */ = {isa = PBXBuildFile; fileRef = 5584D6B4219401DD005150EC /* WordListener.swift */; };
/* End PBXBuildFile section */

/* Begin PBXFileReference section */
		5584D69B2193FF7B005150EC /* Fluently.app */ = {isa = PBXFileReference; explicitFileType = wrapper.application; includeInIndex = 0; path = Fluently.app; sourceTree = BUILT_PRODUCTS_DIR; };
		5584D69E2193FF7B005150EC /* AppDelegate.swift */ = {isa = PBXFileReference; lastKnownFileType = sourcecode.swift; path = AppDelegate.swift; sourceTree = "<group>"; };
		5584D6A02193FF7B005150EC /* MainVC.swift */ = {isa = PBXFileReference; lastKnownFileType = sourcecode.swift; path = MainVC.swift; sourceTree = "<group>"; };
		5584D6A32193FF7B005150EC /* Base */ = {isa = PBXFileReference; lastKnownFileType = file.storyboard; name = Base; path = Base.lproj/Main.storyboard; sourceTree = "<group>"; };
		5584D6A52193FF7C005150EC /* Assets.xcassets */ = {isa = PBXFileReference; lastKnownFileType = folder.assetcatalog; path = Assets.xcassets; sourceTree = "<group>"; };
		5584D6A82193FF7C005150EC /* Base */ = {isa = PBXFileReference; lastKnownFileType = file.storyboard; name = Base; path = Base.lproj/LaunchScreen.storyboard; sourceTree = "<group>"; };
		5584D6AA2193FF7C005150EC /* Info.plist */ = {isa = PBXFileReference; lastKnownFileType = text.plist.xml; path = Info.plist; sourceTree = "<group>"; };
		5584D6B02194009B005150EC /* Constants.swift */ = {isa = PBXFileReference; lastKnownFileType = sourcecode.swift; path = Constants.swift; sourceTree = "<group>"; };
		5584D6B4219401DD005150EC /* WordListener.swift */ = {isa = PBXFileReference; lastKnownFileType = sourcecode.swift; path = WordListener.swift; sourceTree = "<group>"; };
/* End PBXFileReference section */

/* Begin PBXFrameworksBuildPhase section */
		5584D6982193FF7B005150EC /* Frameworks */ = {
			isa = PBXFrameworksBuildPhase;
			buildActionMask = 2147483647;
			files = (
			);
			runOnlyForDeploymentPostprocessing = 0;
		};
/* End PBXFrameworksBuildPhase section */

/* Begin PBXGroup section */
		5584D6922193FF7B005150EC = {
			isa = PBXGroup;
			children = (
				5584D69D2193FF7B005150EC /* Fluently */,
				5584D69C2193FF7B005150EC /* Products */,
			);
			sourceTree = "<group>";
		};
		5584D69C2193FF7B005150EC /* Products */ = {
			isa = PBXGroup;
			children = (
				5584D69B2193FF7B005150EC /* Fluently.app */,
			);
			name = Products;
			sourceTree = "<group>";
		};
		5584D69D2193FF7B005150EC /* Fluently */ = {
			isa = PBXGroup;
			children = (
				5584D69E2193FF7B005150EC /* AppDelegate.swift */,
				5584D6AA2193FF7C005150EC /* Info.plist */,
				5584D6A22193FF7B005150EC /* Main.storyboard */,
				5584D6A02193FF7B005150EC /* MainVC.swift */,
				5584D6B4219401DD005150EC /* WordListener.swift */,
				5584D6B3219400E8005150EC /* Utilities */,
			);
			path = Fluently;
			sourceTree = "<group>";
		};
		5584D6B3219400E8005150EC /* Utilities */ = {
			isa = PBXGroup;
			children = (
				5584D6A52193FF7C005150EC /* Assets.xcassets */,
				5584D6B02194009B005150EC /* Constants.swift */,
				5584D6A72193FF7C005150EC /* LaunchScreen.storyboard */,
			);
			name = Utilities;
			path = Utilitiesasd;
			sourceTree = "<group>";
		};
/* End PBXGroup section */

/* Begin PBXNativeTarget section */
		5584D69A2193FF7B005150EC /* Fluently */ = {
			isa = PBXNativeTarget;
			buildConfigurationList = 5584D6AD2193FF7C005150EC /* Build configuration list for PBXNativeTarget "Fluently" */;
			buildPhases = (
				5584D6972193FF7B005150EC /* Sources */,
				5584D6982193FF7B005150EC /* Frameworks */,
				5584D6992193FF7B005150EC /* Resources */,
			);
			buildRules = (
			);
			dependencies = (
			);
			name = Fluently;
			productName = Fluently;
			productReference = 5584D69B2193FF7B005150EC /* Fluently.app */;
			productType = "com.apple.product-type.application";
		};
/* End PBXNativeTarget section */

/* Begin PBXProject section */
		5584D6932193FF7B005150EC /* Project object */ = {
			isa = PBXProject;
			attributes = {
				LastSwiftUpdateCheck = 1010;
				LastUpgradeCheck = 1010;
				ORGANIZATIONNAME = "Jaakko Kenttä";
				TargetAttributes = {
					5584D69A2193FF7B005150EC = {
						CreatedOnToolsVersion = 10.1;
					};
				};
			};
			buildConfigurationList = 5584D6962193FF7B005150EC /* Build configuration list for PBXProject "Fluently" */;
			compatibilityVersion = "Xcode 9.3";
			developmentRegion = en;
			hasScannedForEncodings = 0;
			knownRegions = (
				en,
				Base,
			);
			mainGroup = 5584D6922193FF7B005150EC;
			productRefGroup = 5584D69C2193FF7B005150EC /* Products */;
			projectDirPath = "";
			projectRoot = "";
			targets = (
				5584D69A2193FF7B005150EC /* Fluently */,
			);
		};
/* End PBXProject section */

/* Begin PBXResourcesBuildPhase section */
		5584D6992193FF7B005150EC /* Resources */ = {
			isa = PBXResourcesBuildPhase;
			buildActionMask = 2147483647;
			files = (
				5584D6A92193FF7C005150EC /* LaunchScreen.storyboard in Resources */,
				5584D6A62193FF7C005150EC /* Assets.xcassets in Resources */,
				5584D6A42193FF7B005150EC /* Main.storyboard in Resources */,
			);
			runOnlyForDeploymentPostprocessing = 0;
		};
/* End PBXResourcesBuildPhase section */

/* Begin PBXSourcesBuildPhase section */
		5584D6972193FF7B005150EC /* Sources */ = {
			isa = PBXSourcesBuildPhase;
			buildActionMask = 2147483647;
			files = (
				5584D6A12193FF7B005150EC /* MainVC.swift in Sources */,
				5584D69F2193FF7B005150EC /* AppDelegate.swift in Sources */,
				5584D6B12194009B005150EC /* Constants.swift in Sources */,
				5584D6B5219401DD005150EC /* WordListener.swift in Sources */,
			);
			runOnlyForDeploymentPostprocessing = 0;
		};
/* End PBXSourcesBuildPhase section */

/* Begin PBXVariantGroup section */
		5584D6A22193FF7B005150EC /* Main.storyboard */ = {
			isa = PBXVariantGroup;
			children = (
				5584D6A32193FF7B005150EC /* Base */,
			);
			name = Main.storyboard;
			sourceTree = "<group>";
		};
		5584D6A72193FF7C005150EC /* LaunchScreen.storyboard */ = {
			isa = PBXVariantGroup;
			children = (
				5584D6A82193FF7C005150EC /* Base */,
			);
			name = LaunchScreen.storyboard;
			sourceTree = "<group>";
		};
/* End PBXVariantGroup section */

/* Begin XCBuildConfiguration section */
		5584D6AB2193FF7C005150EC /* Debug */ = {
			isa = XCBuildConfiguration;
			buildSettings = {
				ALWAYS_SEARCH_USER_PATHS = NO;
				CLANG_ANALYZER_NONNULL = YES;
				CLANG_ANALYZER_NUMBER_OBJECT_CONVERSION = YES_AGGRESSIVE;
				CLANG_CXX_LANGUAGE_STANDARD = "gnu++14";
				CLANG_CXX_LIBRARY = "libc++";
				CLANG_ENABLE_MODULES = YES;
				CLANG_ENABLE_OBJC_ARC = YES;
				CLANG_ENABLE_OBJC_WEAK = YES;
				CLANG_WARN_BLOCK_CAPTURE_AUTORELEASING = YES;
				CLANG_WARN_BOOL_CONVERSION = YES;
				CLANG_WARN_COMMA = YES;
				CLANG_WARN_CONSTANT_CONVERSION = YES;
				CLANG_WARN_DEPRECATED_OBJC_IMPLEMENTATIONS = YES;
				CLANG_WARN_DIRECT_OBJC_ISA_USAGE = YES_ERROR;
				CLANG_WARN_DOCUMENTATION_COMMENTS = YES;
				CLANG_WARN_EMPTY_BODY = YES;
				CLANG_WARN_ENUM_CONVERSION = YES;
				CLANG_WARN_INFINITE_RECURSION = YES;
				CLANG_WARN_INT_CONVERSION = YES;
				CLANG_WARN_NON_LITERAL_NULL_CONVERSION = YES;
				CLANG_WARN_OBJC_IMPLICIT_RETAIN_SELF = YES;
				CLANG_WARN_OBJC_LITERAL_CONVERSION = YES;
				CLANG_WARN_OBJC_ROOT_CLASS = YES_ERROR;
				CLANG_WARN_RANGE_LOOP_ANALYSIS = YES;
				CLANG_WARN_STRICT_PROTOTYPES = YES;
				CLANG_WARN_SUSPICIOUS_MOVE = YES;
				CLANG_WARN_UNGUARDED_AVAILABILITY = YES_AGGRESSIVE;
				CLANG_WARN_UNREACHABLE_CODE = YES;
				CLANG_WARN__DUPLICATE_METHOD_MATCH = YES;
				CODE_SIGN_IDENTITY = "iPhone Developer";
				COPY_PHASE_STRIP = NO;
				DEBUG_INFORMATION_FORMAT = dwarf;
				ENABLE_STRICT_OBJC_MSGSEND = YES;
				ENABLE_TESTABILITY = YES;
				GCC_C_LANGUAGE_STANDARD = gnu11;
				GCC_DYNAMIC_NO_PIC = NO;
				GCC_NO_COMMON_BLOCKS = YES;
				GCC_OPTIMIZATION_LEVEL = 0;
				GCC_PREPROCESSOR_DEFINITIONS = (
					"DEBUG=1",
					"$(inherited)",
				);
				GCC_WARN_64_TO_32_BIT_CONVERSION = YES;
				GCC_WARN_ABOUT_RETURN_TYPE = YES_ERROR;
				GCC_WARN_UNDECLARED_SELECTOR = YES;
				GCC_WARN_UNINITIALIZED_AUTOS = YES_AGGRESSIVE;
				GCC_WARN_UNUSED_FUNCTION = YES;
				GCC_WARN_UNUSED_VARIABLE = YES;
				IPHONEOS_DEPLOYMENT_TARGET = 12.1;
				MTL_ENABLE_DEBUG_INFO = INCLUDE_SOURCE;
				MTL_FAST_MATH = YES;
				ONLY_ACTIVE_ARCH = YES;
				SDKROOT = iphoneos;
				SWIFT_ACTIVE_COMPILATION_CONDITIONS = DEBUG;
				SWIFT_OPTIMIZATION_LEVEL = "-Onone";
			};
			name = Debug;
		};
		5584D6AC2193FF7C005150EC /* Release */ = {
			isa = XCBuildConfiguration;
			buildSettings = {
				ALWAYS_SEARCH_USER_PATHS = NO;
				CLANG_ANALYZER_NONNULL = YES;
				CLANG_ANALYZER_NUMBER_OBJECT_CONVERSION = YES_AGGRESSIVE;
				CLANG_CXX_LANGUAGE_STANDARD = "gnu++14";
				CLANG_CXX_LIBRARY = "libc++";
				CLANG_ENABLE_MODULES = YES;
				CLANG_ENABLE_OBJC_ARC = YES;
				CLANG_ENABLE_OBJC_WEAK = YES;
				CLANG_WARN_BLOCK_CAPTURE_AUTORELEASING = YES;
				CLANG_WARN_BOOL_CONVERSION = YES;
				CLANG_WARN_COMMA = YES;
				CLANG_WARN_CONSTANT_CONVERSION = YES;
				CLANG_WARN_DEPRECATED_OBJC_IMPLEMENTATIONS = YES;
				CLANG_WARN_DIRECT_OBJC_ISA_USAGE = YES_ERROR;
				CLANG_WARN_DOCUMENTATION_COMMENTS = YES;
				CLANG_WARN_EMPTY_BODY = YES;
				CLANG_WARN_ENUM_CONVERSION = YES;
				CLANG_WARN_INFINITE_RECURSION = YES;
				CLANG_WARN_INT_CONVERSION = YES;
				CLANG_WARN_NON_LITERAL_NULL_CONVERSION = YES;
				CLANG_WARN_OBJC_IMPLICIT_RETAIN_SELF = YES;
				CLANG_WARN_OBJC_LITERAL_CONVERSION = YES;
				CLANG_WARN_OBJC_ROOT_CLASS = YES_ERROR;
				CLANG_WARN_RANGE_LOOP_ANALYSIS = YES;
				CLANG_WARN_STRICT_PROTOTYPES = YES;
				CLANG_WARN_SUSPICIOUS_MOVE = YES;
				CLANG_WARN_UNGUARDED_AVAILABILITY = YES_AGGRESSIVE;
				CLANG_WARN_UNREACHABLE_CODE = YES;
				CLANG_WARN__DUPLICATE_METHOD_MATCH = YES;
				CODE_SIGN_IDENTITY = "iPhone Developer";
				COPY_PHASE_STRIP = NO;
				DEBUG_INFORMATION_FORMAT = "dwarf-with-dsym";
				ENABLE_NS_ASSERTIONS = NO;
				ENABLE_STRICT_OBJC_MSGSEND = YES;
				GCC_C_LANGUAGE_STANDARD = gnu11;
				GCC_NO_COMMON_BLOCKS = YES;
				GCC_WARN_64_TO_32_BIT_CONVERSION = YES;
				GCC_WARN_ABOUT_RETURN_TYPE = YES_ERROR;
				GCC_WARN_UNDECLARED_SELECTOR = YES;
				GCC_WARN_UNINITIALIZED_AUTOS = YES_AGGRESSIVE;
				GCC_WARN_UNUSED_FUNCTION = YES;
				GCC_WARN_UNUSED_VARIABLE = YES;
				IPHONEOS_DEPLOYMENT_TARGET = 12.1;
				MTL_ENABLE_DEBUG_INFO = NO;
				MTL_FAST_MATH = YES;
				SDKROOT = iphoneos;
				SWIFT_COMPILATION_MODE = wholemodule;
				SWIFT_OPTIMIZATION_LEVEL = "-O";
				VALIDATE_PRODUCT = YES;
			};
			name = Release;
		};
		5584D6AE2193FF7C005150EC /* Debug */ = {
			isa = XCBuildConfiguration;
			buildSettings = {
				ASSETCATALOG_COMPILER_APPICON_NAME = AppIcon;
				CODE_SIGN_STYLE = Automatic;
				DEVELOPMENT_TEAM = H28M339QJB;
				INFOPLIST_FILE = Fluently/Info.plist;
				LD_RUNPATH_SEARCH_PATHS = (
					"$(inherited)",
					"@executable_path/Frameworks",
				);
				PRODUCT_BUNDLE_IDENTIFIER = com.jaakkokentta.fluently.Fluently;
				PRODUCT_NAME = "$(TARGET_NAME)";
				SWIFT_VERSION = 4.2;
				TARGETED_DEVICE_FAMILY = "1,2";
			};
			name = Debug;
		};
		5584D6AF2193FF7C005150EC /* Release */ = {
			isa = XCBuildConfiguration;
			buildSettings = {
				ASSETCATALOG_COMPILER_APPICON_NAME = AppIcon;
				CODE_SIGN_STYLE = Automatic;
				DEVELOPMENT_TEAM = H28M339QJB;
				INFOPLIST_FILE = Fluently/Info.plist;
				LD_RUNPATH_SEARCH_PATHS = (
					"$(inherited)",
					"@executable_path/Frameworks",
				);
				PRODUCT_BUNDLE_IDENTIFIER = com.jaakkokentta.fluently.Fluently;
				PRODUCT_NAME = "$(TARGET_NAME)";
				SWIFT_VERSION = 4.2;
				TARGETED_DEVICE_FAMILY = "1,2";
			};
			name = Release;
		};
/* End XCBuildConfiguration section */

/* Begin XCConfigurationList section */
		5584D6962193FF7B005150EC /* Build configuration list for PBXProject "Fluently" */ = {
			isa = XCConfigurationList;
			buildConfigurations = (
				5584D6AB2193FF7C005150EC /* Debug */,
				5584D6AC2193FF7C005150EC /* Release */,
			);
			defaultConfigurationIsVisible = 0;
			defaultConfigurationName = Release;
		};
		5584D6AD2193FF7C005150EC /* Build configuration list for PBXNativeTarget "Fluently" */ = {
			isa = XCConfigurationList;
			buildConfigurations = (
				5584D6AE2193FF7C005150EC /* Debug */,
				5584D6AF2193FF7C005150EC /* Release */,
			);
			defaultConfigurationIsVisible = 0;
			defaultConfigurationName = Release;
		};
/* End XCConfigurationList section */
	};
	rootObject = 5584D6932193FF7B005150EC /* Project object */;
}
